{
  "name": "@writetome51/array-get-and-remove-by-index",
  "version": "1.0.3",
  "lockfileVersion": 1,
  "requires": true,
  "dependencies": {
    "@writetome51/array-and-index-validation": {
      "version": "1.0.6",
      "resolved": "https://registry.npmjs.org/@writetome51/array-and-index-validation/-/array-and-index-validation-1.0.6.tgz",
      "integrity": "sha512-GE0M3uhRSV6MJwu8cnsHxj5wkEPZ7OWehvsOGAQ1roUeItorJl7yvHzjkUZMKQoOPRpictr6r0Kj6zgopGu0gQ==",
      "requires": {
        "basic-data-handling": "~1.0.15",
        "error-if-not-populated-array": "~1.0.1"
      }
    },
    "@writetome51/array-get-and-remove-adjacent-at": {
      "version": "1.0.4",
      "resolved": "https://registry.npmjs.org/@writetome51/array-get-and-remove-adjacent-at/-/array-get-and-remove-adjacent-at-1.0.4.tgz",
      "integrity": "sha512-5yDvyVEJYfkmZR8hjs2iKP6nslwgtjUsrKIaN5NaMAzgv/9bKek9pFhaO+V4HFecmy/B0AMSr7R20n8zxIpTRA==",
      "requires": {
        "@writetome51/array-and-index-validation": "~1.0.6"
      }
    },
    "basic-data-handling": {
      "version": "1.0.15",
      "resolved": "https://registry.npmjs.org/basic-data-handling/-/basic-data-handling-1.0.15.tgz",
      "integrity": "sha512-HyXRwPTfhKacukW4mMJl+3IsFC+5NzMr9flzp+XBJhHol0eAZzLxYqP7w3Cme3cziKcshzoO7Zf/9C+bewJWpA=="
    },
    "error-if-not-populated-array": {
      "version": "1.0.1",
      "resolved": "https://registry.npmjs.org/error-if-not-populated-array/-/error-if-not-populated-array-1.0.1.tgz",
      "integrity": "sha512-XKN0WUVUNrDOsB1PuBRQJ4/tVOeFceioLm+QPOpCkQaZlD9vVYZf+pRrFIoiqzVno7bx7AI2lNIfMWf7gRarvg==",
      "requires": {
        "basic-data-handling": "~1.0.13"
      }
    }
  }
}
