{
  "name": "@writetome51/array-get-and-remove-item",
  "version": "1.0.0",
  "lockfileVersion": 1,
  "requires": true,
  "dependencies": {
    "@writetome51/array-get-and-remove-adjacent-at": {
      "version": "1.0.0",
      "resolved": "https://registry.npmjs.org/@writetome51/array-get-and-remove-adjacent-at/-/array-get-and-remove-adjacent-at-1.0.0.tgz",
      "integrity": "sha512-aTwSIKcdXjAriglrbpPwXIAgrILvC5tV5ZKC1PVAwss3TuMQtqpuQD6DCt5f7jLEu4On/mb0UBZKLKNz9k3jpw==",
      "requires": {
        "@writetome51/array-and-index-validation": "^1.0.1"
      },
      "dependencies": {
        "@writetome51/array-and-index-validation": {
          "version": "1.0.1",
          "resolved": "https://registry.npmjs.org/@writetome51/array-and-index-validation/-/array-and-index-validation-1.0.1.tgz",
          "integrity": "sha512-I7zAN56ZGhkYnhuGS5ufj+CRPMhZBUfvw7NvjO6EtO9n2XiMUEoIyi8LHHphHWDZ7TtRdEezr/X9hlzjoD5z+g==",
          "requires": {
            "basic-data-handling": "^1.0.12"
          }
        },
        "basic-data-handling": {
          "version": "1.0.12",
          "resolved": "https://registry.npmjs.org/basic-data-handling/-/basic-data-handling-1.0.12.tgz",
          "integrity": "sha512-zeWSs51vDmRqvDkIewERsygFb5NDT24QbZZvZ7fz/Wusxy1yHvPDOhE46lJiBE+l+1CEQv96ZUES4IFvbRGMvA=="
        }
      }
    }
  }
}
